// !$*UTF8*$!
{
	archiveVersion = 1;
	classes = {
	};
	objectVersion = 46;
	objects = {

/* Begin PBXBuildFile section */
		AB041623161DA1AC00B4DC8D /* LoginViewController.xib in Resources */ = {isa = PBXBuildFile; fileRef = AB041622161DA1AC00B4DC8D /* LoginViewController.xib */; };
		AB07793C161C2BD600D3CA85 /* UIKit.framework in Frameworks */ = {isa = PBXBuildFile; fileRef = AB07793B161C2BD600D3CA85 /* UIKit.framework */; };
		AB07793E161C2BD600D3CA85 /* Foundation.framework in Frameworks */ = {isa = PBXBuildFile; fileRef = AB07793D161C2BD600D3CA85 /* Foundation.framework */; };
		AB077940161C2BD600D3CA85 /* CoreGraphics.framework in Frameworks */ = {isa = PBXBuildFile; fileRef = AB07793F161C2BD600D3CA85 /* CoreGraphics.framework */; };
		AB077946161C2BD600D3CA85 /* InfoPlist.strings in Resources */ = {isa = PBXBuildFile; fileRef = AB077944161C2BD600D3CA85 /* InfoPlist.strings */; };
		AB077948161C2BD600D3CA85 /* main.m in Sources */ = {isa = PBXBuildFile; fileRef = AB077947161C2BD600D3CA85 /* main.m */; };
		AB07794C161C2BD600D3CA85 /* WDAppDelegate.m in Sources */ = {isa = PBXBuildFile; fileRef = AB07794B161C2BD600D3CA85 /* WDAppDelegate.m */; };
		AB077954161C2C0600D3CA85 /* LoginViewController.m in Sources */ = {isa = PBXBuildFile; fileRef = AB077953161C2C0600D3CA85 /* LoginViewController.m */; };
		AB077957161C2C2B00D3CA85 /* CCTabbarController.m in Sources */ = {isa = PBXBuildFile; fileRef = AB077956161C2C2B00D3CA85 /* CCTabbarController.m */; };
		AB07795A161C2C5400D3CA85 /* TABViewController.m in Sources */ = {isa = PBXBuildFile; fileRef = AB077959161C2C5400D3CA85 /* TABViewController.m */; };
/* End PBXBuildFile section */

/* Begin PBXFileReference section */
		AB041622161DA1AC00B4DC8D /* LoginViewController.xib */ = {isa = PBXFileReference; fileEncoding = 4; lastKnownFileType = file.xib; path = LoginViewController.xib; sourceTree = "<group>"; };
		AB077937161C2BD600D3CA85 /* TabbarBasedApplication.app */ = {isa = PBXFileReference; explicitFileType = wrapper.application; includeInIndex = 0; path = TabbarBasedApplication.app; sourceTree = BUILT_PRODUCTS_DIR; };
		AB07793B161C2BD600D3CA85 /* UIKit.framework */ = {isa = PBXFileReference; lastKnownFileType = wrapper.framework; name = UIKit.framework; path = System/Library/Frameworks/UIKit.framework; sourceTree = SDKROOT; };
		AB07793D161C2BD600D3CA85 /* Foundation.framework */ = {isa = PBXFileReference; lastKnownFileType = wrapper.framework; name = Foundation.framework; path = System/Library/Frameworks/Foundation.framework; sourceTree = SDKROOT; };
		AB07793F161C2BD600D3CA85 /* CoreGraphics.framework */ = {isa = PBXFileReference; lastKnownFileType = wrapper.framework; name = CoreGraphics.framework; path = System/Library/Frameworks/CoreGraphics.framework; sourceTree = SDKROOT; };
		AB077943161C2BD600D3CA85 /* TabbarBasedApplication-Info.plist */ = {isa = PBXFileReference; lastKnownFileType = text.plist.xml; path = "TabbarBasedApplication-Info.plist"; sourceTree = "<group>"; };
		AB077945161C2BD600D3CA85 /* en */ = {isa = PBXFileReference; lastKnownFileType = text.plist.strings; name = en; path = en.lproj/InfoPlist.strings; sourceTree = "<group>"; };
		AB077947161C2BD600D3CA85 /* main.m */ = {isa = PBXFileReference; lastKnownFileType = sourcecode.c.objc; path = main.m; sourceTree = "<group>"; };
		AB077949161C2BD600D3CA85 /* TabbarBasedApplication-Prefix.pch */ = {isa = PBXFileReference; lastKnownFileType = sourcecode.c.h; path = "TabbarBasedApplication-Prefix.pch"; sourceTree = "<group>"; };
		AB07794A161C2BD600D3CA85 /* WDAppDelegate.h */ = {isa = PBXFileReference; lastKnownFileType = sourcecode.c.h; path = WDAppDelegate.h; sourceTree = "<group>"; };
		AB07794B161C2BD600D3CA85 /* WDAppDelegate.m */ = {isa = PBXFileReference; lastKnownFileType = sourcecode.c.objc; path = WDAppDelegate.m; sourceTree = "<group>"; };
		AB077952161C2C0600D3CA85 /* LoginViewController.h */ = {isa = PBXFileReference; fileEncoding = 4; lastKnownFileType = sourcecode.c.h; path = LoginViewController.h; sourceTree = "<group>"; };
		AB077953161C2C0600D3CA85 /* LoginViewController.m */ = {isa = PBXFileReference; fileEncoding = 4; lastKnownFileType = sourcecode.c.objc; path = LoginViewController.m; sourceTree = "<group>"; };
		AB077955161C2C2B00D3CA85 /* CCTabbarController.h */ = {isa = PBXFileReference; fileEncoding = 4; lastKnownFileType = sourcecode.c.h; path = CCTabbarController.h; sourceTree = "<group>"; };
		AB077956161C2C2B00D3CA85 /* CCTabbarController.m */ = {isa = PBXFileReference; fileEncoding = 4; lastKnownFileType = sourcecode.c.objc; path = CCTabbarController.m; sourceTree = "<group>"; };
		AB077958161C2C5400D3CA85 /* TABViewController.h */ = {isa = PBXFileReference; fileEncoding = 4; lastKnownFileType = sourcecode.c.h; path = TABViewController.h; sourceTree = "<group>"; };
		AB077959161C2C5400D3CA85 /* TABViewController.m */ = {isa = PBXFileReference; fileEncoding = 4; lastKnownFileType = sourcecode.c.objc; path = TABViewController.m; sourceTree = "<group>"; };
/* End PBXFileReference section */

/* Begin PBXFrameworksBuildPhase section */
		AB077934161C2BD600D3CA85 /* Frameworks */ = {
			isa = PBXFrameworksBuildPhase;
			buildActionMask = 2147483647;
			files = (
				AB07793C161C2BD600D3CA85 /* UIKit.framework in Frameworks */,
				AB07793E161C2BD600D3CA85 /* Foundation.framework in Frameworks */,
				AB077940161C2BD600D3CA85 /* CoreGraphics.framework in Frameworks */,
			);
			runOnlyForDeploymentPostprocessing = 0;
		};
/* End PBXFrameworksBuildPhase section */

/* Begin PBXGroup section */
		AB07792C161C2BD600D3CA85 = {
			isa = PBXGroup;
			children = (
				AB077941161C2BD600D3CA85 /* TabbarBasedApplication */,
				AB07793A161C2BD600D3CA85 /* Frameworks */,
				AB077938161C2BD600D3CA85 /* Products */,
			);
			sourceTree = "<group>";
		};
		AB077938161C2BD600D3CA85 /* Products */ = {
			isa = PBXGroup;
			children = (
				AB077937161C2BD600D3CA85 /* TabbarBasedApplication.app */,
			);
			name = Products;
			sourceTree = "<group>";
		};
		AB07793A161C2BD600D3CA85 /* Frameworks */ = {
			isa = PBXGroup;
			children = (
				AB07793B161C2BD600D3CA85 /* UIKit.framework */,
				AB07793D161C2BD600D3CA85 /* Foundation.framework */,
				AB07793F161C2BD600D3CA85 /* CoreGraphics.framework */,
			);
			name = Frameworks;
			sourceTree = "<group>";
		};
		AB077941161C2BD600D3CA85 /* TabbarBasedApplication */ = {
			isa = PBXGroup;
			children = (
				AB077952161C2C0600D3CA85 /* LoginViewController.h */,
				AB077953161C2C0600D3CA85 /* LoginViewController.m */,
				AB077958161C2C5400D3CA85 /* TABViewController.h */,
				AB077959161C2C5400D3CA85 /* TABViewController.m */,
				AB077956161C2C2B00D3CA85 /* CCTabbarController.m */,
				AB077955161C2C2B00D3CA85 /* CCTabbarController.h */,
				AB07794A161C2BD600D3CA85 /* WDAppDelegate.h */,
				AB07794B161C2BD600D3CA85 /* WDAppDelegate.m */,
				AB077942161C2BD600D3CA85 /* Supporting Files */,
			);
			path = TabbarBasedApplication;
			sourceTree = "<group>";
		};
		AB077942161C2BD600D3CA85 /* Supporting Files */ = {
			isa = PBXGroup;
			children = (
				AB041622161DA1AC00B4DC8D /* LoginViewController.xib */,
				AB077943161C2BD600D3CA85 /* TabbarBasedApplication-Info.plist */,
				AB077944161C2BD600D3CA85 /* InfoPlist.strings */,
				AB077947161C2BD600D3CA85 /* main.m */,
				AB077949161C2BD600D3CA85 /* TabbarBasedApplication-Prefix.pch */,
			);
			name = "Supporting Files";
			sourceTree = "<group>";
		};
/* End PBXGroup section */

/* Begin PBXNativeTarget section */
		AB077936161C2BD600D3CA85 /* TabbarBasedApplication */ = {
			isa = PBXNativeTarget;
			buildConfigurationList = AB07794F161C2BD600D3CA85 /* Build configuration list for PBXNativeTarget "TabbarBasedApplication" */;
			buildPhases = (
				AB077933161C2BD600D3CA85 /* Sources */,
				AB077934161C2BD600D3CA85 /* Frameworks */,
				AB077935161C2BD600D3CA85 /* Resources */,
			);
			buildRules = (
			);
			dependencies = (
			);
			name = TabbarBasedApplication;
			productName = TabbarBasedApplication;
			productReference = AB077937161C2BD600D3CA85 /* TabbarBasedApplication.app */;
			productType = "com.apple.product-type.application";
		};
/* End PBXNativeTarget section */

/* Begin PBXProject section */
		AB07792E161C2BD600D3CA85 /* Project object */ = {
			isa = PBXProject;
			attributes = {
				CLASSPREFIX = WD;
				LastUpgradeCheck = 0430;
				ORGANIZATIONNAME = ICCOM;
			};
			buildConfigurationList = AB077931161C2BD600D3CA85 /* Build configuration list for PBXProject "TabbarBasedApplication" */;
			compatibilityVersion = "Xcode 3.2";
			developmentRegion = English;
			hasScannedForEncodings = 0;
			knownRegions = (
				en,
			);
			mainGroup = AB07792C161C2BD600D3CA85;
			productRefGroup = AB077938161C2BD600D3CA85 /* Products */;
			projectDirPath = "";
			projectRoot = "";
			targets = (
				AB077936161C2BD600D3CA85 /* TabbarBasedApplication */,
			);
		};
/* End PBXProject section */

/* Begin PBXResourcesBuildPhase section */
		AB077935161C2BD600D3CA85 /* Resources */ = {
			isa = PBXResourcesBuildPhase;
			buildActionMask = 2147483647;
			files = (
				AB077946161C2BD600D3CA85 /* InfoPlist.strings in Resources */,
				AB041623161DA1AC00B4DC8D /* LoginViewController.xib in Resources */,
			);
			runOnlyForDeploymentPostprocessing = 0;
		};
/* End PBXResourcesBuildPhase section */

/* Begin PBXSourcesBuildPhase section */
		AB077933161C2BD600D3CA85 /* Sources */ = {
			isa = PBXSourcesBuildPhase;
			buildActionMask = 2147483647;
			files = (
				AB077948161C2BD600D3CA85 /* main.m in Sources */,
				AB07794C161C2BD600D3CA85 /* WDAppDelegate.m in Sources */,
				AB077954161C2C0600D3CA85 /* LoginViewController.m in Sources */,
				AB077957161C2C2B00D3CA85 /* CCTabbarController.m in Sources */,
				AB07795A161C2C5400D3CA85 /* TABViewController.m in Sources */,
			);
			runOnlyForDeploymentPostprocessing = 0;
		};
/* End PBXSourcesBuildPhase section */

/* Begin PBXVariantGroup section */
		AB077944161C2BD600D3CA85 /* InfoPlist.strings */ = {
			isa = PBXVariantGroup;
			children = (
				AB077945161C2BD600D3CA85 /* en */,
			);
			name = InfoPlist.strings;
			sourceTree = "<group>";
		};
/* End PBXVariantGroup section */

/* Begin XCBuildConfiguration section */
		AB07794D161C2BD600D3CA85 /* Debug */ = {
			isa = XCBuildConfiguration;
			buildSettings = {
				ALWAYS_SEARCH_USER_PATHS = NO;
				ARCHS = "$(ARCHS_STANDARD_32_BIT)";
				CLANG_ENABLE_OBJC_ARC = YES;
				"CODE_SIGN_IDENTITY[sdk=iphoneos*]" = "iPhone Developer";
				COPY_PHASE_STRIP = NO;
				GCC_C_LANGUAGE_STANDARD = gnu99;
				GCC_DYNAMIC_NO_PIC = NO;
				GCC_OPTIMIZATION_LEVEL = 0;
				GCC_PREPROCESSOR_DEFINITIONS = (
					"DEBUG=1",
					"$(inherited)",
				);
				GCC_SYMBOLS_PRIVATE_EXTERN = NO;
				GCC_VERSION = com.apple.compilers.llvm.clang.1_0;
				GCC_WARN_ABOUT_RETURN_TYPE = YES;
				GCC_WARN_UNINITIALIZED_AUTOS = YES;
				GCC_WARN_UNUSED_VARIABLE = YES;
				IPHONEOS_DEPLOYMENT_TARGET = 5.1;
				SDKROOT = iphoneos;
			};
			name = Debug;
		};
		AB07794E161C2BD600D3CA85 /* Release */ = {
			isa = XCBuildConfiguration;
			buildSettings = {
				ALWAYS_SEARCH_USER_PATHS = NO;
				ARCHS = "$(ARCHS_STANDARD_32_BIT)";
				CLANG_ENABLE_OBJC_ARC = YES;
				"CODE_SIGN_IDENTITY[sdk=iphoneos*]" = "iPhone Developer";
				COPY_PHASE_STRIP = YES;
				GCC_C_LANGUAGE_STANDARD = gnu99;
				GCC_VERSION = com.apple.compilers.llvm.clang.1_0;
				GCC_WARN_ABOUT_RETURN_TYPE = YES;
				GCC_WARN_UNINITIALIZED_AUTOS = YES;
				GCC_WARN_UNUSED_VARIABLE = YES;
				IPHONEOS_DEPLOYMENT_TARGET = 5.1;
				OTHER_CFLAGS = "-DNS_BLOCK_ASSERTIONS=1";
				SDKROOT = iphoneos;
				VALIDATE_PRODUCT = YES;
			};
			name = Release;
		};
		AB077950161C2BD600D3CA85 /* Debug */ = {
			isa = XCBuildConfiguration;
			buildSettings = {
				GCC_PRECOMPILE_PREFIX_HEADER = YES;
				GCC_PREFIX_HEADER = "TabbarBasedApplication/TabbarBasedApplication-Prefix.pch";
				INFOPLIST_FILE = "TabbarBasedApplication/TabbarBasedApplication-Info.plist";
				PRODUCT_NAME = "$(TARGET_NAME)";
				WRAPPER_EXTENSION = app;
			};
			name = Debug;
		};
		AB077951161C2BD600D3CA85 /* Release */ = {
			isa = XCBuildConfiguration;
			buildSettings = {
				GCC_PRECOMPILE_PREFIX_HEADER = YES;
				GCC_PREFIX_HEADER = "TabbarBasedApplication/TabbarBasedApplication-Prefix.pch";
				INFOPLIST_FILE = "TabbarBasedApplication/TabbarBasedApplication-Info.plist";
				PRODUCT_NAME = "$(TARGET_NAME)";
				WRAPPER_EXTENSION = app;
			};
			name = Release;
		};
/* End XCBuildConfiguration section */

/* Begin XCConfigurationList section */
		AB077931161C2BD600D3CA85 /* Build configuration list for PBXProject "TabbarBasedApplication" */ = {
			isa = XCConfigurationList;
			buildConfigurations = (
				AB07794D161C2BD600D3CA85 /* Debug */,
				AB07794E161C2BD600D3CA85 /* Release */,
			);
			defaultConfigurationIsVisible = 0;
			defaultConfigurationName = Release;
		};
		AB07794F161C2BD600D3CA85 /* Build configuration list for PBXNativeTarget "TabbarBasedApplication" */ = {
			isa = XCConfigurationList;
			buildConfigurations = (
				AB077950161C2BD600D3CA85 /* Debug */,
				AB077951161C2BD600D3CA85 /* Release */,
			);
			defaultConfigurationIsVisible = 0;
			defaultConfigurationName = Release;
		};
/* End XCConfigurationList section */
	};
	rootObject = AB07792E161C2BD600D3CA85 /* Project object */;
}
